
Microsoft Visual Studio Solution File, Format Version 12.00
# Visual Studio Version 17
VisualStudioVersion = 17.4.33213.308
MinimumVisualStudioVersion = 10.0.40219.1
Project("{FAE04EC0-301F-11D3-BF4B-00C04F79EFBC}") = "Desafio-Teste-Ilia", "Desafio-Teste-Ilia\Desafio-Teste-Ilia.csproj", "{A95F3A8B-2A4B-475E-A4A5-5154FD35E21D}"
EndProject
Project("{FAE04EC0-301F-11D3-BF4B-00C04F79EFBC}") = "Api-Testes", "Api-Testes\Api-Testes.csproj", "{698EC0FE-B87F-4E6E-AA75-BBC36AF01F9F}"
EndProject
Global
	GlobalSection(SolutionConfigurationPlatforms) = preSolution
		Debug|Any CPU = Debug|Any CPU
		Release|Any CPU = Release|Any CPU
	EndGlobalSection
	GlobalSection(ProjectConfigurationPlatforms) = postSolution
		{A95F3A8B-2A4B-475E-A4A5-5154FD35E21D}.Debug|Any CPU.ActiveCfg = Debug|Any CPU
		{A95F3A8B-2A4B-475E-A4A5-5154FD35E21D}.Debug|Any CPU.Build.0 = Debug|Any CPU
		{A95F3A8B-2A4B-475E-A4A5-5154FD35E21D}.Release|Any CPU.ActiveCfg = Release|Any CPU
		{A95F3A8B-2A4B-475E-A4A5-5154FD35E21D}.Release|Any CPU.Build.0 = Release|Any CPU
		{698EC0FE-B87F-4E6E-AA75-BBC36AF01F9F}.Debug|Any CPU.ActiveCfg = Debug|Any CPU
		{698EC0FE-B87F-4E6E-AA75-BBC36AF01F9F}.Debug|Any CPU.Build.0 = Debug|Any CPU
		{698EC0FE-B87F-4E6E-AA75-BBC36AF01F9F}.Release|Any CPU.ActiveCfg = Release|Any CPU
		{698EC0FE-B87F-4E6E-AA75-BBC36AF01F9F}.Release|Any CPU.Build.0 = Release|Any CPU
	EndGlobalSection
	GlobalSection(SolutionProperties) = preSolution
		HideSolutionNode = FALSE
	EndGlobalSection
	GlobalSection(ExtensibilityGlobals) = postSolution
		SolutionGuid = {30E67DC4-1FC0-4E6C-9789-9A89A2C45B17}
	EndGlobalSection
EndGlobal
